
Microsoft Visual Studio Solution File, Format Version 12.00
# Visual Studio Version 16
VisualStudioVersion = 16.0.31205.134
MinimumVisualStudioVersion = 10.0.40219.1
Project("{FAE04EC0-301F-11D3-BF4B-00C04F79EFBC}") = "Tipalti.CommandLineUtils.Extensions", "Tipalti.CommandLineUtils.Extensions\Tipalti.CommandLineUtils.Extensions.csproj", "{67FEA3F8-84A1-4C38-A997-7F67467762CF}"
EndProject
Project("{FAE04EC0-301F-11D3-BF4B-00C04F79EFBC}") = "Tipalti.CommandLineUtils.Extensions.Tests", "Tipalti.CommandLineUtils.Extensions.Tests\Tipalti.CommandLineUtils.Extensions.Tests.csproj", "{40B86133-C970-405D-BA88-8E93225B8BAF}"
EndProject
Global
	GlobalSection(SolutionConfigurationPlatforms) = preSolution
		Debug|Any CPU = Debug|Any CPU
		Release|Any CPU = Release|Any CPU
	EndGlobalSection
	GlobalSection(ProjectConfigurationPlatforms) = postSolution
		{67FEA3F8-84A1-4C38-A997-7F67467762CF}.Debug|Any CPU.ActiveCfg = Debug|Any CPU
		{67FEA3F8-84A1-4C38-A997-7F67467762CF}.Debug|Any CPU.Build.0 = Debug|Any CPU
		{67FEA3F8-84A1-4C38-A997-7F67467762CF}.Release|Any CPU.ActiveCfg = Release|Any CPU
		{67FEA3F8-84A1-4C38-A997-7F67467762CF}.Release|Any CPU.Build.0 = Release|Any CPU
		{40B86133-C970-405D-BA88-8E93225B8BAF}.Debug|Any CPU.ActiveCfg = Debug|Any CPU
		{40B86133-C970-405D-BA88-8E93225B8BAF}.Debug|Any CPU.Build.0 = Debug|Any CPU
		{40B86133-C970-405D-BA88-8E93225B8BAF}.Release|Any CPU.ActiveCfg = Release|Any CPU
		{40B86133-C970-405D-BA88-8E93225B8BAF}.Release|Any CPU.Build.0 = Release|Any CPU
	EndGlobalSection
	GlobalSection(SolutionProperties) = preSolution
		HideSolutionNode = FALSE
	EndGlobalSection
	GlobalSection(ExtensibilityGlobals) = postSolution
		SolutionGuid = {C4A15552-65EE-4AD0-82AA-B4E5CADA867D}
	EndGlobalSection
EndGlobal
